
Microsoft Visual Studio Solution File, Format Version 12.00
# Visual Studio Version 16
VisualStudioVersion = 16.0.31702.278
MinimumVisualStudioVersion = 10.0.40219.1
Project("{9A19103F-16F7-4668-BE54-9A1E7A4F7556}") = "AspVueBit", "AspVueBit\AspVueBit.csproj", "{D9FF68AA-D177-40CE-BC53-73925E9343E5}"
EndProject
Project("{9A19103F-16F7-4668-BE54-9A1E7A4F7556}") = "AspVueBitTests", "AspVueBitTests\AspVueBitTests.csproj", "{13AE4D9F-DD70-4E93-B0C3-A5F53E5DB4CC}"
EndProject
Global
	GlobalSection(SolutionConfigurationPlatforms) = preSolution
		Debug|Any CPU = Debug|Any CPU
		Release|Any CPU = Release|Any CPU
	EndGlobalSection
	GlobalSection(ProjectConfigurationPlatforms) = postSolution
		{D9FF68AA-D177-40CE-BC53-73925E9343E5}.Debug|Any CPU.ActiveCfg = Debug|Any CPU
		{D9FF68AA-D177-40CE-BC53-73925E9343E5}.Debug|Any CPU.Build.0 = Debug|Any CPU
		{D9FF68AA-D177-40CE-BC53-73925E9343E5}.Release|Any CPU.ActiveCfg = Release|Any CPU
		{D9FF68AA-D177-40CE-BC53-73925E9343E5}.Release|Any CPU.Build.0 = Release|Any CPU
		{13AE4D9F-DD70-4E93-B0C3-A5F53E5DB4CC}.Debug|Any CPU.ActiveCfg = Debug|Any CPU
		{13AE4D9F-DD70-4E93-B0C3-A5F53E5DB4CC}.Debug|Any CPU.Build.0 = Debug|Any CPU
		{13AE4D9F-DD70-4E93-B0C3-A5F53E5DB4CC}.Release|Any CPU.ActiveCfg = Release|Any CPU
		{13AE4D9F-DD70-4E93-B0C3-A5F53E5DB4CC}.Release|Any CPU.Build.0 = Release|Any CPU
	EndGlobalSection
	GlobalSection(SolutionProperties) = preSolution
		HideSolutionNode = FALSE
	EndGlobalSection
	GlobalSection(ExtensibilityGlobals) = postSolution
		SolutionGuid = {6604963C-04B0-4251-BB88-1F0D4D5EFEFC}
	EndGlobalSection
EndGlobal
